{
  "name": "demo-ecommerce-hub",
  "version": "1.0.4",
  "lockfileVersion": 2,
  "requires": true,
  "packages": {
    "": {
      "name": "demo-ecommerce-hub",
      "version": "1.0.4",
      "dependencies": {
        "lodash": "4.17.11",
        "follow-redirects": "1.15.2",
        "express": "4.17.1",
        "gpl-only-package": "1.0.0"
      }
    },
    "node_modules/lodash": {
      "version": "4.17.11",
      "resolved": "https://registry.npmjs.org/lodash/-/lodash-4.17.11.tgz",
      "integrity": "sha512-cQKh8igo5QUhZ7lg38DYWAxMvjSAKG0A8wGSVimP07SIUEK2UO+arSRKbRZWtelMzvOuLi2DSe+F0+0LSIYOQ=="
    },
    "node_modules/follow-redirects": {
      "version": "1.15.2",
      "resolved": "https://registry.npmjs.org/follow-redirects/-/follow-redirects-1.15.2.tgz",
      "integrity": "sha512-VQLG33o04KaQ8uYi/rGqFi4EzY7NeUaGVOWHoHgULr/MXdWScDqFBLalvtflRZaU3eEuCFQNTgKRHKK5WBBA=="
    },
    "node_modules/express": {
      "version": "4.17.1",
      "resolved": "https://registry.npmjs.org/express/-/express-4.17.1.tgz",
      "integrity": "sha512-mHJ9O79RqluphRrcw2X/GTh3k9tVv8YcoyY4Kkh4WDMUYKRZUq0h1o0w2rrrxBqM7VoasNmEuDge6eWof+3Q=="
    },
    "node_modules/gpl-only-package": {
      "version": "1.0.0",
      "resolved": "https://registry.npmjs.org/gpl-only-package/-/gpl-only-package-1.0.0.tgz",
      "integrity": "sha512-000000000000"
    }
  }
}
